// !$*UTF8*$!
{
	archiveVersion = 1;
	classes = {
	};
	objectVersion = 55;
	objects = {

/* Begin PBXBuildFile section */
		5538CE5C27ABD5840042E40A /* Project4App.swift in Sources */ = {isa = PBXBuildFile; fileRef = 5538CE5B27ABD5840042E40A /* Project4App.swift */; };
		5538CE5E27ABD5840042E40A /* ContentView.swift in Sources */ = {isa = PBXBuildFile; fileRef = 5538CE5D27ABD5840042E40A /* ContentView.swift */; };
		5538CE6027ABD5890042E40A /* Assets.xcassets in Resources */ = {isa = PBXBuildFile; fileRef = 5538CE5F27ABD5890042E40A /* Assets.xcassets */; };
		5538CE6327ABD5890042E40A /* Preview Assets.xcassets in Resources */ = {isa = PBXBuildFile; fileRef = 5538CE6227ABD5890042E40A /* Preview Assets.xcassets */; };
		5538CE6D27ABD7750042E40A /* Beer.swift in Sources */ = {isa = PBXBuildFile; fileRef = 5538CE6C27ABD7750042E40A /* Beer.swift */; };
		5538CE6F27ABDA210042E40A /* BreweryModel.swift in Sources */ = {isa = PBXBuildFile; fileRef = 5538CE6E27ABDA210042E40A /* BreweryModel.swift */; };
		5538CE7927ABEC1E0042E40A /* BeerRow.swift in Sources */ = {isa = PBXBuildFile; fileRef = 5538CE7827ABEC1E0042E40A /* BeerRow.swift */; };
		5538CE7B27ABF63F0042E40A /* BeerDetail.swift in Sources */ = {isa = PBXBuildFile; fileRef = 5538CE7A27ABF63F0042E40A /* BeerDetail.swift */; };
/* End PBXBuildFile section */

/* Begin PBXFileReference section */
		5538CE5827ABD5840042E40A /* Project4.app */ = {isa = PBXFileReference; explicitFileType = wrapper.application; includeInIndex = 0; path = Project4.app; sourceTree = BUILT_PRODUCTS_DIR; };
		5538CE5B27ABD5840042E40A /* Project4App.swift */ = {isa = PBXFileReference; lastKnownFileType = sourcecode.swift; path = Project4App.swift; sourceTree = "<group>"; };
		5538CE5D27ABD5840042E40A /* ContentView.swift */ = {isa = PBXFileReference; lastKnownFileType = sourcecode.swift; path = ContentView.swift; sourceTree = "<group>"; };
		5538CE5F27ABD5890042E40A /* Assets.xcassets */ = {isa = PBXFileReference; lastKnownFileType = folder.assetcatalog; path = Assets.xcassets; sourceTree = "<group>"; };
		5538CE6227ABD5890042E40A /* Preview Assets.xcassets */ = {isa = PBXFileReference; lastKnownFileType = folder.assetcatalog; path = "Preview Assets.xcassets"; sourceTree = "<group>"; };
		5538CE6C27ABD7750042E40A /* Beer.swift */ = {isa = PBXFileReference; lastKnownFileType = sourcecode.swift; path = Beer.swift; sourceTree = "<group>"; };
		5538CE6E27ABDA210042E40A /* BreweryModel.swift */ = {isa = PBXFileReference; lastKnownFileType = sourcecode.swift; path = BreweryModel.swift; sourceTree = "<group>"; };
		5538CE7827ABEC1E0042E40A /* BeerRow.swift */ = {isa = PBXFileReference; lastKnownFileType = sourcecode.swift; path = BeerRow.swift; sourceTree = "<group>"; };
		5538CE7A27ABF63F0042E40A /* BeerDetail.swift */ = {isa = PBXFileReference; lastKnownFileType = sourcecode.swift; path = BeerDetail.swift; sourceTree = "<group>"; };
/* End PBXFileReference section */

/* Begin PBXFrameworksBuildPhase section */
		5538CE5527ABD5840042E40A /* Frameworks */ = {
			isa = PBXFrameworksBuildPhase;
			buildActionMask = 2147483647;
			files = (
			);
			runOnlyForDeploymentPostprocessing = 0;
		};
/* End PBXFrameworksBuildPhase section */

/* Begin PBXGroup section */
		5538CE4F27ABD5840042E40A = {
			isa = PBXGroup;
			children = (
				5538CE5A27ABD5840042E40A /* Project4 */,
				5538CE5927ABD5840042E40A /* Products */,
			);
			sourceTree = "<group>";
		};
		5538CE5927ABD5840042E40A /* Products */ = {
			isa = PBXGroup;
			children = (
				5538CE5827ABD5840042E40A /* Project4.app */,
			);
			name = Products;
			sourceTree = "<group>";
		};
		5538CE5A27ABD5840042E40A /* Project4 */ = {
			isa = PBXGroup;
			children = (
				5538CE5B27ABD5840042E40A /* Project4App.swift */,
				5538CE6B27ABD6DA0042E40A /* ViewModel */,
				5538CE6927ABD6C90042E40A /* View */,
				5538CE6A27ABD6D40042E40A /* Model */,
				5538CE5F27ABD5890042E40A /* Assets.xcassets */,
				5538CE6127ABD5890042E40A /* Preview Content */,
			);
			path = Project4;
			sourceTree = "<group>";
		};
		5538CE6127ABD5890042E40A /* Preview Content */ = {
			isa = PBXGroup;
			children = (
				5538CE6227ABD5890042E40A /* Preview Assets.xcassets */,
			);
			path = "Preview Content";
			sourceTree = "<group>";
		};
		5538CE6927ABD6C90042E40A /* View */ = {
			isa = PBXGroup;
			children = (
				5538CE5D27ABD5840042E40A /* ContentView.swift */,
				5538CE7827ABEC1E0042E40A /* BeerRow.swift */,
				5538CE7A27ABF63F0042E40A /* BeerDetail.swift */,
			);
			path = View;
			sourceTree = "<group>";
		};
		5538CE6A27ABD6D40042E40A /* Model */ = {
			isa = PBXGroup;
			children = (
				5538CE6C27ABD7750042E40A /* Beer.swift */,
			);
			path = Model;
			sourceTree = "<group>";
		};
		5538CE6B27ABD6DA0042E40A /* ViewModel */ = {
			isa = PBXGroup;
			children = (
				5538CE6E27ABDA210042E40A /* BreweryModel.swift */,
			);
			path = ViewModel;
			sourceTree = "<group>";
		};
/* End PBXGroup section */

/* Begin PBXNativeTarget section */
		5538CE5727ABD5840042E40A /* Project4 */ = {
			isa = PBXNativeTarget;
			buildConfigurationList = 5538CE6627ABD5890042E40A /* Build configuration list for PBXNativeTarget "Project4" */;
			buildPhases = (
				5538CE5427ABD5840042E40A /* Sources */,
				5538CE5527ABD5840042E40A /* Frameworks */,
				5538CE5627ABD5840042E40A /* Resources */,
			);
			buildRules = (
			);
			dependencies = (
			);
			name = Project4;
			productName = Project4;
			productReference = 5538CE5827ABD5840042E40A /* Project4.app */;
			productType = "com.apple.product-type.application";
		};
/* End PBXNativeTarget section */

/* Begin PBXProject section */
		5538CE5027ABD5840042E40A /* Project object */ = {
			isa = PBXProject;
			attributes = {
				BuildIndependentTargetsInParallel = 1;
				LastSwiftUpdateCheck = 1320;
				LastUpgradeCheck = 1320;
				TargetAttributes = {
					5538CE5727ABD5840042E40A = {
						CreatedOnToolsVersion = 13.2.1;
					};
				};
			};
			buildConfigurationList = 5538CE5327ABD5840042E40A /* Build configuration list for PBXProject "Project4" */;
			compatibilityVersion = "Xcode 13.0";
			developmentRegion = en;
			hasScannedForEncodings = 0;
			knownRegions = (
				en,
				Base,
			);
			mainGroup = 5538CE4F27ABD5840042E40A;
			productRefGroup = 5538CE5927ABD5840042E40A /* Products */;
			projectDirPath = "";
			projectRoot = "";
			targets = (
				5538CE5727ABD5840042E40A /* Project4 */,
			);
		};
/* End PBXProject section */

/* Begin PBXResourcesBuildPhase section */
		5538CE5627ABD5840042E40A /* Resources */ = {
			isa = PBXResourcesBuildPhase;
			buildActionMask = 2147483647;
			files = (
				5538CE6327ABD5890042E40A /* Preview Assets.xcassets in Resources */,
				5538CE6027ABD5890042E40A /* Assets.xcassets in Resources */,
			);
			runOnlyForDeploymentPostprocessing = 0;
		};
/* End PBXResourcesBuildPhase section */

/* Begin PBXSourcesBuildPhase section */
		5538CE5427ABD5840042E40A /* Sources */ = {
			isa = PBXSourcesBuildPhase;
			buildActionMask = 2147483647;
			files = (
				5538CE5E27ABD5840042E40A /* ContentView.swift in Sources */,
				5538CE6D27ABD7750042E40A /* Beer.swift in Sources */,
				5538CE6F27ABDA210042E40A /* BreweryModel.swift in Sources */,
				5538CE7B27ABF63F0042E40A /* BeerDetail.swift in Sources */,
				5538CE7927ABEC1E0042E40A /* BeerRow.swift in Sources */,
				5538CE5C27ABD5840042E40A /* Project4App.swift in Sources */,
			);
			runOnlyForDeploymentPostprocessing = 0;
		};
/* End PBXSourcesBuildPhase section */

/* Begin XCBuildConfiguration section */
		5538CE6427ABD5890042E40A /* Debug */ = {
			isa = XCBuildConfiguration;
			buildSettings = {
				ALWAYS_SEARCH_USER_PATHS = NO;
				CLANG_ANALYZER_NONNULL = YES;
				CLANG_ANALYZER_NUMBER_OBJECT_CONVERSION = YES_AGGRESSIVE;
				CLANG_CXX_LANGUAGE_STANDARD = "gnu++17";
				CLANG_CXX_LIBRARY = "libc++";
				CLANG_ENABLE_MODULES = YES;
				CLANG_ENABLE_OBJC_ARC = YES;
				CLANG_ENABLE_OBJC_WEAK = YES;
				CLANG_WARN_BLOCK_CAPTURE_AUTORELEASING = YES;
				CLANG_WARN_BOOL_CONVERSION = YES;
				CLANG_WARN_COMMA = YES;
				CLANG_WARN_CONSTANT_CONVERSION = YES;
				CLANG_WARN_DEPRECATED_OBJC_IMPLEMENTATIONS = YES;
				CLANG_WARN_DIRECT_OBJC_ISA_USAGE = YES_ERROR;
				CLANG_WARN_DOCUMENTATION_COMMENTS = YES;
				CLANG_WARN_EMPTY_BODY = YES;
				CLANG_WARN_ENUM_CONVERSION = YES;
				CLANG_WARN_INFINITE_RECURSION = YES;
				CLANG_WARN_INT_CONVERSION = YES;
				CLANG_WARN_NON_LITERAL_NULL_CONVERSION = YES;
				CLANG_WARN_OBJC_IMPLICIT_RETAIN_SELF = YES;
				CLANG_WARN_OBJC_LITERAL_CONVERSION = YES;
				CLANG_WARN_OBJC_ROOT_CLASS = YES_ERROR;
				CLANG_WARN_QUOTED_INCLUDE_IN_FRAMEWORK_HEADER = YES;
				CLANG_WARN_RANGE_LOOP_ANALYSIS = YES;
				CLANG_WARN_STRICT_PROTOTYPES = YES;
				CLANG_WARN_SUSPICIOUS_MOVE = YES;
				CLANG_WARN_UNGUARDED_AVAILABILITY = YES_AGGRESSIVE;
				CLANG_WARN_UNREACHABLE_CODE = YES;
				CLANG_WARN__DUPLICATE_METHOD_MATCH = YES;
				COPY_PHASE_STRIP = NO;
				DEBUG_INFORMATION_FORMAT = dwarf;
				ENABLE_STRICT_OBJC_MSGSEND = YES;
				ENABLE_TESTABILITY = YES;
				GCC_C_LANGUAGE_STANDARD = gnu11;
				GCC_DYNAMIC_NO_PIC = NO;
				GCC_NO_COMMON_BLOCKS = YES;
				GCC_OPTIMIZATION_LEVEL = 0;
				GCC_PREPROCESSOR_DEFINITIONS = (
					"DEBUG=1",
					"$(inherited)",
				);
				GCC_WARN_64_TO_32_BIT_CONVERSION = YES;
				GCC_WARN_ABOUT_RETURN_TYPE = YES_ERROR;
				GCC_WARN_UNDECLARED_SELECTOR = YES;
				GCC_WARN_UNINITIALIZED_AUTOS = YES_AGGRESSIVE;
				GCC_WARN_UNUSED_FUNCTION = YES;
				GCC_WARN_UNUSED_VARIABLE = YES;
				IPHONEOS_DEPLOYMENT_TARGET = 15.2;
				MTL_ENABLE_DEBUG_INFO = INCLUDE_SOURCE;
				MTL_FAST_MATH = YES;
				ONLY_ACTIVE_ARCH = YES;
				SDKROOT = iphoneos;
				SWIFT_ACTIVE_COMPILATION_CONDITIONS = DEBUG;
				SWIFT_OPTIMIZATION_LEVEL = "-Onone";
			};
			name = Debug;
		};
		5538CE6527ABD5890042E40A /* Release */ = {
			isa = XCBuildConfiguration;
			buildSettings = {
				ALWAYS_SEARCH_USER_PATHS = NO;
				CLANG_ANALYZER_NONNULL = YES;
				CLANG_ANALYZER_NUMBER_OBJECT_CONVERSION = YES_AGGRESSIVE;
				CLANG_CXX_LANGUAGE_STANDARD = "gnu++17";
				CLANG_CXX_LIBRARY = "libc++";
				CLANG_ENABLE_MODULES = YES;
				CLANG_ENABLE_OBJC_ARC = YES;
				CLANG_ENABLE_OBJC_WEAK = YES;
				CLANG_WARN_BLOCK_CAPTURE_AUTORELEASING = YES;
				CLANG_WARN_BOOL_CONVERSION = YES;
				CLANG_WARN_COMMA = YES;
				CLANG_WARN_CONSTANT_CONVERSION = YES;
				CLANG_WARN_DEPRECATED_OBJC_IMPLEMENTATIONS = YES;
				CLANG_WARN_DIRECT_OBJC_ISA_USAGE = YES_ERROR;
				CLANG_WARN_DOCUMENTATION_COMMENTS = YES;
				CLANG_WARN_EMPTY_BODY = YES;
				CLANG_WARN_ENUM_CONVERSION = YES;
				CLANG_WARN_INFINITE_RECURSION = YES;
				CLANG_WARN_INT_CONVERSION = YES;
				CLANG_WARN_NON_LITERAL_NULL_CONVERSION = YES;
				CLANG_WARN_OBJC_IMPLICIT_RETAIN_SELF = YES;
				CLANG_WARN_OBJC_LITERAL_CONVERSION = YES;
				CLANG_WARN_OBJC_ROOT_CLASS = YES_ERROR;
				CLANG_WARN_QUOTED_INCLUDE_IN_FRAMEWORK_HEADER = YES;
				CLANG_WARN_RANGE_LOOP_ANALYSIS = YES;
				CLANG_WARN_STRICT_PROTOTYPES = YES;
				CLANG_WARN_SUSPICIOUS_MOVE = YES;
				CLANG_WARN_UNGUARDED_AVAILABILITY = YES_AGGRESSIVE;
				CLANG_WARN_UNREACHABLE_CODE = YES;
				CLANG_WARN__DUPLICATE_METHOD_MATCH = YES;
				COPY_PHASE_STRIP = NO;
				DEBUG_INFORMATION_FORMAT = "dwarf-with-dsym";
				ENABLE_NS_ASSERTIONS = NO;
				ENABLE_STRICT_OBJC_MSGSEND = YES;
				GCC_C_LANGUAGE_STANDARD = gnu11;
				GCC_NO_COMMON_BLOCKS = YES;
				GCC_WARN_64_TO_32_BIT_CONVERSION = YES;
				GCC_WARN_ABOUT_RETURN_TYPE = YES_ERROR;
				GCC_WARN_UNDECLARED_SELECTOR = YES;
				GCC_WARN_UNINITIALIZED_AUTOS = YES_AGGRESSIVE;
				GCC_WARN_UNUSED_FUNCTION = YES;
				GCC_WARN_UNUSED_VARIABLE = YES;
				IPHONEOS_DEPLOYMENT_TARGET = 15.2;
				MTL_ENABLE_DEBUG_INFO = NO;
				MTL_FAST_MATH = YES;
				SDKROOT = iphoneos;
				SWIFT_COMPILATION_MODE = wholemodule;
				SWIFT_OPTIMIZATION_LEVEL = "-O";
				VALIDATE_PRODUCT = YES;
			};
			name = Release;
		};
		5538CE6727ABD5890042E40A /* Debug */ = {
			isa = XCBuildConfiguration;
			buildSettings = {
				ASSETCATALOG_COMPILER_APPICON_NAME = AppIcon;
				ASSETCATALOG_COMPILER_GLOBAL_ACCENT_COLOR_NAME = AccentColor;
				CODE_SIGN_STYLE = Automatic;
				CURRENT_PROJECT_VERSION = 1;
				DEVELOPMENT_ASSET_PATHS = "\"Project4/Preview Content\"";
				DEVELOPMENT_TEAM = J66577LXL5;
				ENABLE_PREVIEWS = YES;
				GENERATE_INFOPLIST_FILE = YES;
				INFOPLIST_KEY_UIApplicationSceneManifest_Generation = YES;
				INFOPLIST_KEY_UIApplicationSupportsIndirectInputEvents = YES;
				INFOPLIST_KEY_UILaunchScreen_Generation = YES;
				INFOPLIST_KEY_UISupportedInterfaceOrientations_iPad = "UIInterfaceOrientationPortrait UIInterfaceOrientationPortraitUpsideDown UIInterfaceOrientationLandscapeLeft UIInterfaceOrientationLandscapeRight";
				INFOPLIST_KEY_UISupportedInterfaceOrientations_iPhone = "UIInterfaceOrientationPortrait UIInterfaceOrientationLandscapeLeft UIInterfaceOrientationLandscapeRight";
				LD_RUNPATH_SEARCH_PATHS = (
					"$(inherited)",
					"@executable_path/Frameworks",
				);
				MARKETING_VERSION = 1.0;
				PRODUCT_BUNDLE_IDENTIFIER = com.CheRin.Project4;
				PRODUCT_NAME = "$(TARGET_NAME)";
				SWIFT_EMIT_LOC_STRINGS = YES;
				SWIFT_VERSION = 5.0;
				TARGETED_DEVICE_FAMILY = "1,2";
			};
			name = Debug;
		};
		5538CE6827ABD5890042E40A /* Release */ = {
			isa = XCBuildConfiguration;
			buildSettings = {
				ASSETCATALOG_COMPILER_APPICON_NAME = AppIcon;
				ASSETCATALOG_COMPILER_GLOBAL_ACCENT_COLOR_NAME = AccentColor;
				CODE_SIGN_STYLE = Automatic;
				CURRENT_PROJECT_VERSION = 1;
				DEVELOPMENT_ASSET_PATHS = "\"Project4/Preview Content\"";
				DEVELOPMENT_TEAM = J66577LXL5;
				ENABLE_PREVIEWS = YES;
				GENERATE_INFOPLIST_FILE = YES;
				INFOPLIST_KEY_UIApplicationSceneManifest_Generation = YES;
				INFOPLIST_KEY_UIApplicationSupportsIndirectInputEvents = YES;
				INFOPLIST_KEY_UILaunchScreen_Generation = YES;
				INFOPLIST_KEY_UISupportedInterfaceOrientations_iPad = "UIInterfaceOrientationPortrait UIInterfaceOrientationPortraitUpsideDown UIInterfaceOrientationLandscapeLeft UIInterfaceOrientationLandscapeRight";
				INFOPLIST_KEY_UISupportedInterfaceOrientations_iPhone = "UIInterfaceOrientationPortrait UIInterfaceOrientationLandscapeLeft UIInterfaceOrientationLandscapeRight";
				LD_RUNPATH_SEARCH_PATHS = (
					"$(inherited)",
					"@executable_path/Frameworks",
				);
				MARKETING_VERSION = 1.0;
				PRODUCT_BUNDLE_IDENTIFIER = com.CheRin.Project4;
				PRODUCT_NAME = "$(TARGET_NAME)";
				SWIFT_EMIT_LOC_STRINGS = YES;
				SWIFT_VERSION = 5.0;
				TARGETED_DEVICE_FAMILY = "1,2";
			};
			name = Release;
		};
/* End XCBuildConfiguration section */

/* Begin XCConfigurationList section */
		5538CE5327ABD5840042E40A /* Build configuration list for PBXProject "Project4" */ = {
			isa = XCConfigurationList;
			buildConfigurations = (
				5538CE6427ABD5890042E40A /* Debug */,
				5538CE6527ABD5890042E40A /* Release */,
			);
			defaultConfigurationIsVisible = 0;
			defaultConfigurationName = Release;
		};
		5538CE6627ABD5890042E40A /* Build configuration list for PBXNativeTarget "Project4" */ = {
			isa = XCConfigurationList;
			buildConfigurations = (
				5538CE6727ABD5890042E40A /* Debug */,
				5538CE6827ABD5890042E40A /* Release */,
			);
			defaultConfigurationIsVisible = 0;
			defaultConfigurationName = Release;
		};
/* End XCConfigurationList section */
	};
	rootObject = 5538CE5027ABD5840042E40A /* Project object */;
}
